
Microsoft Visual Studio Solution File, Format Version 11.00
# Visual Studio 2010
Project("{FAE04EC0-301F-11D3-BF4B-00C04F79EFBC}") = "cb5-unity-project", "Assembly-CSharp-firstpass.csproj", "{D1938780-261C-9842-EE5D-E8B68AB54254}"
EndProject
Project("{FAE04EC0-301F-11D3-BF4B-00C04F79EFBC}") = "cb5-unity-project", "Assembly-CSharp.csproj", "{065F79CF-CED0-433A-74BE-F866C48E5797}"
EndProject
Project("{FAE04EC0-301F-11D3-BF4B-00C04F79EFBC}") = "cb5-unity-project", "Assembly-CSharp-Editor.csproj", "{06B416D0-95C9-CAF1-C515-3196653BB759}"
EndProject
Global
	GlobalSection(SolutionConfigurationPlatforms) = preSolution
		Debug|Any CPU = Debug|Any CPU
		Release|Any CPU = Release|Any CPU
	EndGlobalSection
	GlobalSection(ProjectConfigurationPlatforms) = postSolution
		{D1938780-261C-9842-EE5D-E8B68AB54254}.Debug|Any CPU.ActiveCfg = Debug|Any CPU
		{D1938780-261C-9842-EE5D-E8B68AB54254}.Debug|Any CPU.Build.0 = Debug|Any CPU
		{D1938780-261C-9842-EE5D-E8B68AB54254}.Release|Any CPU.ActiveCfg = Release|Any CPU
		{D1938780-261C-9842-EE5D-E8B68AB54254}.Release|Any CPU.Build.0 = Release|Any CPU
		{065F79CF-CED0-433A-74BE-F866C48E5797}.Debug|Any CPU.ActiveCfg = Debug|Any CPU
		{065F79CF-CED0-433A-74BE-F866C48E5797}.Debug|Any CPU.Build.0 = Debug|Any CPU
		{065F79CF-CED0-433A-74BE-F866C48E5797}.Release|Any CPU.ActiveCfg = Release|Any CPU
		{065F79CF-CED0-433A-74BE-F866C48E5797}.Release|Any CPU.Build.0 = Release|Any CPU
		{06B416D0-95C9-CAF1-C515-3196653BB759}.Debug|Any CPU.ActiveCfg = Debug|Any CPU
		{06B416D0-95C9-CAF1-C515-3196653BB759}.Debug|Any CPU.Build.0 = Debug|Any CPU
		{06B416D0-95C9-CAF1-C515-3196653BB759}.Release|Any CPU.ActiveCfg = Release|Any CPU
		{06B416D0-95C9-CAF1-C515-3196653BB759}.Release|Any CPU.Build.0 = Release|Any CPU
	EndGlobalSection
	GlobalSection(SolutionProperties) = preSolution
		HideSolutionNode = FALSE
	EndGlobalSection
	GlobalSection(MonoDevelopProperties) = preSolution
		StartupItem = Assembly-CSharp.csproj
	EndGlobalSection
EndGlobal
